
Microsoft Visual Studio Solution File, Format Version 12.00
# Visual Studio Version 17
VisualStudioVersion = 17.1.32328.378
MinimumVisualStudioVersion = 10.0.40219.1
Project("{FAE04EC0-301F-11D3-BF4B-00C04F79EFBC}") = "lab5", "lab5\lab5.csproj", "{917B5350-CEF9-400E-B059-EE62F2B3B4D0}"
EndProject
Global
	GlobalSection(SolutionConfigurationPlatforms) = preSolution
		Debug|Any CPU = Debug|Any CPU
		Release|Any CPU = Release|Any CPU
	EndGlobalSection
	GlobalSection(ProjectConfigurationPlatforms) = postSolution
		{917B5350-CEF9-400E-B059-EE62F2B3B4D0}.Debug|Any CPU.ActiveCfg = Debug|Any CPU
		{917B5350-CEF9-400E-B059-EE62F2B3B4D0}.Debug|Any CPU.Build.0 = Debug|Any CPU
		{917B5350-CEF9-400E-B059-EE62F2B3B4D0}.Release|Any CPU.ActiveCfg = Release|Any CPU
		{917B5350-CEF9-400E-B059-EE62F2B3B4D0}.Release|Any CPU.Build.0 = Release|Any CPU
	EndGlobalSection
	GlobalSection(SolutionProperties) = preSolution
		HideSolutionNode = FALSE
	EndGlobalSection
	GlobalSection(ExtensibilityGlobals) = postSolution
		SolutionGuid = {48A30A04-C2C8-40A0-AF0E-4ED0D6C07955}
	EndGlobalSection
EndGlobal
